// !$*UTF8*$!
{
	archiveVersion = 1;
	classes = {
	};
	objectVersion = 46;
	objects = {

/* Begin PBXBuildFile section */
		F6415CE61E89F9970051BD13 /* Main.storyboard in Resources */ = {isa = PBXBuildFile; fileRef = F6415CE41E89F9970051BD13 /* Main.storyboard */; };
		F6415CED1E89FECF0051BD13 /* Assets.xcassets in Resources */ = {isa = PBXBuildFile; fileRef = F6415CEC1E89FECF0051BD13 /* Assets.xcassets */; };
		F65F47D81E88604E009FD241 /* AppDelegate.swift in Sources */ = {isa = PBXBuildFile; fileRef = F65F47D71E88604E009FD241 /* AppDelegate.swift */; };
		F65F47DA1E88604E009FD241 /* BarcodeReaderViewController.swift in Sources */ = {isa = PBXBuildFile; fileRef = F65F47D91E88604E009FD241 /* BarcodeReaderViewController.swift */; };
		F65F47E21E88604E009FD241 /* LaunchScreen.storyboard in Resources */ = {isa = PBXBuildFile; fileRef = F65F47E01E88604E009FD241 /* LaunchScreen.storyboard */; };
		F65F47ED1E88604E009FD241 /* BarcodeScannerTests.swift in Sources */ = {isa = PBXBuildFile; fileRef = F65F47EC1E88604E009FD241 /* BarcodeScannerTests.swift */; };
		F65F47F81E88604E009FD241 /* BarcodeScannerUITests.swift in Sources */ = {isa = PBXBuildFile; fileRef = F65F47F71E88604E009FD241 /* BarcodeScannerUITests.swift */; };
		F65F48091E88612B009FD241 /* DataService.swift in Sources */ = {isa = PBXBuildFile; fileRef = F65F48081E88612B009FD241 /* DataService.swift */; };
		F65F480B1E88615B009FD241 /* Item.swift in Sources */ = {isa = PBXBuildFile; fileRef = F65F480A1E88615B009FD241 /* Item.swift */; };
		F65F48101E88B318009FD241 /* BarcodeReaderViewController.swift in Sources */ = {isa = PBXBuildFile; fileRef = F65F47D91E88604E009FD241 /* BarcodeReaderViewController.swift */; };
		F65F48111E88B318009FD241 /* BarcodeReaderViewController.swift in Sources */ = {isa = PBXBuildFile; fileRef = F65F47D91E88604E009FD241 /* BarcodeReaderViewController.swift */; };
		F65F48121E88B31B009FD241 /* Item.swift in Sources */ = {isa = PBXBuildFile; fileRef = F65F480A1E88615B009FD241 /* Item.swift */; };
		F65F48131E88B31B009FD241 /* Item.swift in Sources */ = {isa = PBXBuildFile; fileRef = F65F480A1E88615B009FD241 /* Item.swift */; };
		F65F48161E88B322009FD241 /* DataService.swift in Sources */ = {isa = PBXBuildFile; fileRef = F65F48081E88612B009FD241 /* DataService.swift */; };
		F65F48171E88B323009FD241 /* DataService.swift in Sources */ = {isa = PBXBuildFile; fileRef = F65F48081E88612B009FD241 /* DataService.swift */; };
		F65F48181E88B325009FD241 /* AppDelegate.swift in Sources */ = {isa = PBXBuildFile; fileRef = F65F47D71E88604E009FD241 /* AppDelegate.swift */; };
		F65F48191E88B326009FD241 /* AppDelegate.swift in Sources */ = {isa = PBXBuildFile; fileRef = F65F47D71E88604E009FD241 /* AppDelegate.swift */; };
		F679FD261EA6FEA200038E03 /* SetStockViewController.swift in Sources */ = {isa = PBXBuildFile; fileRef = F679FD251EA6FEA200038E03 /* SetStockViewController.swift */; };
		F6BCFAD51EA6F3A900E66F7B /* ItemTableViewCell.swift in Sources */ = {isa = PBXBuildFile; fileRef = F6BCFAD41EA6F3A900E66F7B /* ItemTableViewCell.swift */; };
		F6C311FE1EA9B76A001AC5A0 /* ManualSearchTableViewCell.swift in Sources */ = {isa = PBXBuildFile; fileRef = F6C311FD1EA9B76A001AC5A0 /* ManualSearchTableViewCell.swift */; };
		F6E15D5B1EA29AC900C5AE1F /* DatabaseRetrieval.swift in Sources */ = {isa = PBXBuildFile; fileRef = F6E15D5A1EA29AC900C5AE1F /* DatabaseRetrieval.swift */; };
		F6E15D5D1EA4000100C5AE1F /* ManualSearchViewController.swift in Sources */ = {isa = PBXBuildFile; fileRef = F6E15D5C1EA4000100C5AE1F /* ManualSearchViewController.swift */; };
		F6E15D5F1EA45EE600C5AE1F /* ItemTableViewController.swift in Sources */ = {isa = PBXBuildFile; fileRef = F6E15D5E1EA45EE600C5AE1F /* ItemTableViewController.swift */; };
/* End PBXBuildFile section */

/* Begin PBXContainerItemProxy section */
		F65F47E91E88604E009FD241 /* PBXContainerItemProxy */ = {
			isa = PBXContainerItemProxy;
			containerPortal = F65F47CC1E88604E009FD241 /* Project object */;
			proxyType = 1;
			remoteGlobalIDString = F65F47D31E88604E009FD241;
			remoteInfo = BarcodeScanner;
		};
		F65F47F41E88604E009FD241 /* PBXContainerItemProxy */ = {
			isa = PBXContainerItemProxy;
			containerPortal = F65F47CC1E88604E009FD241 /* Project object */;
			proxyType = 1;
			remoteGlobalIDString = F65F47D31E88604E009FD241;
			remoteInfo = BarcodeScanner;
		};
/* End PBXContainerItemProxy section */

/* Begin PBXFileReference section */
		F6415CE51E89F9970051BD13 /* Base */ = {isa = PBXFileReference; lastKnownFileType = file.storyboard; name = Base; path = "../../../../Downloads/Simple-Barcode-Reader-master/CDBarcodes/Base.lproj/Main.storyboard"; sourceTree = "<group>"; };
		F6415CEC1E89FECF0051BD13 /* Assets.xcassets */ = {isa = PBXFileReference; lastKnownFileType = folder.assetcatalog; name = Assets.xcassets; path = ../../BarcodeScanner2/BarcodeScanner2/Assets.xcassets; sourceTree = "<group>"; };
		F65F47D41E88604E009FD241 /* GroceryGuru.app */ = {isa = PBXFileReference; explicitFileType = wrapper.application; includeInIndex = 0; path = GroceryGuru.app; sourceTree = BUILT_PRODUCTS_DIR; };
		F65F47D71E88604E009FD241 /* AppDelegate.swift */ = {isa = PBXFileReference; lastKnownFileType = sourcecode.swift; path = AppDelegate.swift; sourceTree = "<group>"; };
		F65F47D91E88604E009FD241 /* BarcodeReaderViewController.swift */ = {isa = PBXFileReference; lastKnownFileType = sourcecode.swift; path = BarcodeReaderViewController.swift; sourceTree = "<group>"; };
		F65F47E11E88604E009FD241 /* Base */ = {isa = PBXFileReference; lastKnownFileType = file.storyboard; name = Base; path = Base.lproj/LaunchScreen.storyboard; sourceTree = "<group>"; };
		F65F47E31E88604E009FD241 /* Info.plist */ = {isa = PBXFileReference; lastKnownFileType = text.plist.xml; path = Info.plist; sourceTree = "<group>"; };
		F65F47E81E88604E009FD241 /* BarcodeScannerTests.xctest */ = {isa = PBXFileReference; explicitFileType = wrapper.cfbundle; includeInIndex = 0; path = BarcodeScannerTests.xctest; sourceTree = BUILT_PRODUCTS_DIR; };
		F65F47EC1E88604E009FD241 /* BarcodeScannerTests.swift */ = {isa = PBXFileReference; lastKnownFileType = sourcecode.swift; path = BarcodeScannerTests.swift; sourceTree = "<group>"; };
		F65F47EE1E88604E009FD241 /* Info.plist */ = {isa = PBXFileReference; lastKnownFileType = text.plist.xml; path = Info.plist; sourceTree = "<group>"; };
		F65F47F31E88604E009FD241 /* BarcodeScannerUITests.xctest */ = {isa = PBXFileReference; explicitFileType = wrapper.cfbundle; includeInIndex = 0; path = BarcodeScannerUITests.xctest; sourceTree = BUILT_PRODUCTS_DIR; };
		F65F47F71E88604E009FD241 /* BarcodeScannerUITests.swift */ = {isa = PBXFileReference; lastKnownFileType = sourcecode.swift; path = BarcodeScannerUITests.swift; sourceTree = "<group>"; };
		F65F47F91E88604E009FD241 /* Info.plist */ = {isa = PBXFileReference; lastKnownFileType = text.plist.xml; path = Info.plist; sourceTree = "<group>"; };
		F65F48081E88612B009FD241 /* DataService.swift */ = {isa = PBXFileReference; fileEncoding = 4; lastKnownFileType = sourcecode.swift; path = DataService.swift; sourceTree = "<group>"; };
		F65F480A1E88615B009FD241 /* Item.swift */ = {isa = PBXFileReference; fileEncoding = 4; lastKnownFileType = sourcecode.swift; path = Item.swift; sourceTree = "<group>"; };
		F679FD251EA6FEA200038E03 /* SetStockViewController.swift */ = {isa = PBXFileReference; fileEncoding = 4; lastKnownFileType = sourcecode.swift; path = SetStockViewController.swift; sourceTree = "<group>"; };
		F6BCFAD41EA6F3A900E66F7B /* ItemTableViewCell.swift */ = {isa = PBXFileReference; fileEncoding = 4; lastKnownFileType = sourcecode.swift; path = ItemTableViewCell.swift; sourceTree = "<group>"; };
		F6C311FD1EA9B76A001AC5A0 /* ManualSearchTableViewCell.swift */ = {isa = PBXFileReference; fileEncoding = 4; lastKnownFileType = sourcecode.swift; path = ManualSearchTableViewCell.swift; sourceTree = "<group>"; };
		F6E15D5A1EA29AC900C5AE1F /* DatabaseRetrieval.swift */ = {isa = PBXFileReference; fileEncoding = 4; lastKnownFileType = sourcecode.swift; path = DatabaseRetrieval.swift; sourceTree = "<group>"; };
		F6E15D5C1EA4000100C5AE1F /* ManualSearchViewController.swift */ = {isa = PBXFileReference; fileEncoding = 4; lastKnownFileType = sourcecode.swift; path = ManualSearchViewController.swift; sourceTree = "<group>"; };
		F6E15D5E1EA45EE600C5AE1F /* ItemTableViewController.swift */ = {isa = PBXFileReference; fileEncoding = 4; lastKnownFileType = sourcecode.swift; path = ItemTableViewController.swift; sourceTree = "<group>"; };
/* End PBXFileReference section */

/* Begin PBXFrameworksBuildPhase section */
		F65F47D11E88604E009FD241 /* Frameworks */ = {
			isa = PBXFrameworksBuildPhase;
			buildActionMask = 2147483647;
			files = (
			);
			runOnlyForDeploymentPostprocessing = 0;
		};
		F65F47E51E88604E009FD241 /* Frameworks */ = {
			isa = PBXFrameworksBuildPhase;
			buildActionMask = 2147483647;
			files = (
			);
			runOnlyForDeploymentPostprocessing = 0;
		};
		F65F47F01E88604E009FD241 /* Frameworks */ = {
			isa = PBXFrameworksBuildPhase;
			buildActionMask = 2147483647;
			files = (
			);
			runOnlyForDeploymentPostprocessing = 0;
		};
/* End PBXFrameworksBuildPhase section */

/* Begin PBXGroup section */
		F65F47CB1E88604E009FD241 = {
			isa = PBXGroup;
			children = (
				F65F47D61E88604E009FD241 /* BarcodeScanner */,
				F65F47EB1E88604E009FD241 /* BarcodeScannerTests */,
				F65F47F61E88604E009FD241 /* BarcodeScannerUITests */,
				F65F47D51E88604E009FD241 /* Products */,
			);
			sourceTree = "<group>";
		};
		F65F47D51E88604E009FD241 /* Products */ = {
			isa = PBXGroup;
			children = (
				F65F47D41E88604E009FD241 /* GroceryGuru.app */,
				F65F47E81E88604E009FD241 /* BarcodeScannerTests.xctest */,
				F65F47F31E88604E009FD241 /* BarcodeScannerUITests.xctest */,
			);
			name = Products;
			sourceTree = "<group>";
		};
		F65F47D61E88604E009FD241 /* BarcodeScanner */ = {
			isa = PBXGroup;
			children = (
				F65F48051E88607F009FD241 /* Controller */,
				F65F47D71E88604E009FD241 /* AppDelegate.swift */,
				F65F47E01E88604E009FD241 /* LaunchScreen.storyboard */,
				F6415CEC1E89FECF0051BD13 /* Assets.xcassets */,
				F6415CE41E89F9970051BD13 /* Main.storyboard */,
				F65F47E31E88604E009FD241 /* Info.plist */,
			);
			path = BarcodeScanner;
			sourceTree = "<group>";
		};
		F65F47EB1E88604E009FD241 /* BarcodeScannerTests */ = {
			isa = PBXGroup;
			children = (
				F65F47EC1E88604E009FD241 /* BarcodeScannerTests.swift */,
				F65F47EE1E88604E009FD241 /* Info.plist */,
			);
			path = BarcodeScannerTests;
			sourceTree = "<group>";
		};
		F65F47F61E88604E009FD241 /* BarcodeScannerUITests */ = {
			isa = PBXGroup;
			children = (
				F65F47F71E88604E009FD241 /* BarcodeScannerUITests.swift */,
				F65F47F91E88604E009FD241 /* Info.plist */,
			);
			path = BarcodeScannerUITests;
			sourceTree = "<group>";
		};
		F65F48051E88607F009FD241 /* Controller */ = {
			isa = PBXGroup;
			children = (
				F65F480A1E88615B009FD241 /* Item.swift */,
				F6E15D5E1EA45EE600C5AE1F /* ItemTableViewController.swift */,
				F65F47D91E88604E009FD241 /* BarcodeReaderViewController.swift */,
				F65F48081E88612B009FD241 /* DataService.swift */,
				F6E15D5A1EA29AC900C5AE1F /* DatabaseRetrieval.swift */,
				F6E15D5C1EA4000100C5AE1F /* ManualSearchViewController.swift */,
				F6BCFAD41EA6F3A900E66F7B /* ItemTableViewCell.swift */,
				F679FD251EA6FEA200038E03 /* SetStockViewController.swift */,
				F6C311FD1EA9B76A001AC5A0 /* ManualSearchTableViewCell.swift */,
			);
			name = Controller;
			sourceTree = "<group>";
		};
/* End PBXGroup section */

/* Begin PBXNativeTarget section */
		F65F47D31E88604E009FD241 /* BarcodeScanner */ = {
			isa = PBXNativeTarget;
			buildConfigurationList = F65F47FC1E88604E009FD241 /* Build configuration list for PBXNativeTarget "BarcodeScanner" */;
			buildPhases = (
				F65F47D01E88604E009FD241 /* Sources */,
				F65F47D11E88604E009FD241 /* Frameworks */,
				F65F47D21E88604E009FD241 /* Resources */,
			);
			buildRules = (
			);
			dependencies = (
			);
			name = BarcodeScanner;
			productName = BarcodeScanner;
			productReference = F65F47D41E88604E009FD241 /* GroceryGuru.app */;
			productType = "com.apple.product-type.application";
		};
		F65F47E71E88604E009FD241 /* BarcodeScannerTests */ = {
			isa = PBXNativeTarget;
			buildConfigurationList = F65F47FF1E88604E009FD241 /* Build configuration list for PBXNativeTarget "BarcodeScannerTests" */;
			buildPhases = (
				F65F47E41E88604E009FD241 /* Sources */,
				F65F47E51E88604E009FD241 /* Frameworks */,
				F65F47E61E88604E009FD241 /* Resources */,
			);
			buildRules = (
			);
			dependencies = (
				F65F47EA1E88604E009FD241 /* PBXTargetDependency */,
			);
			name = BarcodeScannerTests;
			productName = BarcodeScannerTests;
			productReference = F65F47E81E88604E009FD241 /* BarcodeScannerTests.xctest */;
			productType = "com.apple.product-type.bundle.unit-test";
		};
		F65F47F21E88604E009FD241 /* BarcodeScannerUITests */ = {
			isa = PBXNativeTarget;
			buildConfigurationList = F65F48021E88604E009FD241 /* Build configuration list for PBXNativeTarget "BarcodeScannerUITests" */;
			buildPhases = (
				F65F47EF1E88604E009FD241 /* Sources */,
				F65F47F01E88604E009FD241 /* Frameworks */,
				F65F47F11E88604E009FD241 /* Resources */,
			);
			buildRules = (
			);
			dependencies = (
				F65F47F51E88604E009FD241 /* PBXTargetDependency */,
			);
			name = BarcodeScannerUITests;
			productName = BarcodeScannerUITests;
			productReference = F65F47F31E88604E009FD241 /* BarcodeScannerUITests.xctest */;
			productType = "com.apple.product-type.bundle.ui-testing";
		};
/* End PBXNativeTarget section */

/* Begin PBXProject section */
		F65F47CC1E88604E009FD241 /* Project object */ = {
			isa = PBXProject;
			attributes = {
				LastSwiftUpdateCheck = 0820;
				LastUpgradeCheck = 0820;
				ORGANIZATIONNAME = "Amelia Delzell";
				TargetAttributes = {
					F65F47D31E88604E009FD241 = {
						CreatedOnToolsVersion = 8.2.1;
						DevelopmentTeam = 98X87E99T5;
						ProvisioningStyle = Automatic;
					};
					F65F47E71E88604E009FD241 = {
						CreatedOnToolsVersion = 8.2.1;
						DevelopmentTeam = 98X87E99T5;
						ProvisioningStyle = Automatic;
						TestTargetID = F65F47D31E88604E009FD241;
					};
					F65F47F21E88604E009FD241 = {
						CreatedOnToolsVersion = 8.2.1;
						DevelopmentTeam = 98X87E99T5;
						ProvisioningStyle = Automatic;
						TestTargetID = F65F47D31E88604E009FD241;
					};
				};
			};
			buildConfigurationList = F65F47CF1E88604E009FD241 /* Build configuration list for PBXProject "BarcodeScanner" */;
			compatibilityVersion = "Xcode 3.2";
			developmentRegion = English;
			hasScannedForEncodings = 0;
			knownRegions = (
				en,
				Base,
			);
			mainGroup = F65F47CB1E88604E009FD241;
			productRefGroup = F65F47D51E88604E009FD241 /* Products */;
			projectDirPath = "";
			projectRoot = "";
			targets = (
				F65F47D31E88604E009FD241 /* BarcodeScanner */,
				F65F47E71E88604E009FD241 /* BarcodeScannerTests */,
				F65F47F21E88604E009FD241 /* BarcodeScannerUITests */,
			);
		};
/* End PBXProject section */

/* Begin PBXResourcesBuildPhase section */
		F65F47D21E88604E009FD241 /* Resources */ = {
			isa = PBXResourcesBuildPhase;
			buildActionMask = 2147483647;
			files = (
				F65F47E21E88604E009FD241 /* LaunchScreen.storyboard in Resources */,
				F6415CED1E89FECF0051BD13 /* Assets.xcassets in Resources */,
				F6415CE61E89F9970051BD13 /* Main.storyboard in Resources */,
			);
			runOnlyForDeploymentPostprocessing = 0;
		};
		F65F47E61E88604E009FD241 /* Resources */ = {
			isa = PBXResourcesBuildPhase;
			buildActionMask = 2147483647;
			files = (
			);
			runOnlyForDeploymentPostprocessing = 0;
		};
		F65F47F11E88604E009FD241 /* Resources */ = {
			isa = PBXResourcesBuildPhase;
			buildActionMask = 2147483647;
			files = (
			);
			runOnlyForDeploymentPostprocessing = 0;
		};
/* End PBXResourcesBuildPhase section */

/* Begin PBXSourcesBuildPhase section */
		F65F47D01E88604E009FD241 /* Sources */ = {
			isa = PBXSourcesBuildPhase;
			buildActionMask = 2147483647;
			files = (
				F65F47DA1E88604E009FD241 /* BarcodeReaderViewController.swift in Sources */,
				F6BCFAD51EA6F3A900E66F7B /* ItemTableViewCell.swift in Sources */,
				F65F480B1E88615B009FD241 /* Item.swift in Sources */,
				F6E15D5B1EA29AC900C5AE1F /* DatabaseRetrieval.swift in Sources */,
				F65F47D81E88604E009FD241 /* AppDelegate.swift in Sources */,
				F6E15D5D1EA4000100C5AE1F /* ManualSearchViewController.swift in Sources */,
				F6C311FE1EA9B76A001AC5A0 /* ManualSearchTableViewCell.swift in Sources */,
				F65F48091E88612B009FD241 /* DataService.swift in Sources */,
				F6E15D5F1EA45EE600C5AE1F /* ItemTableViewController.swift in Sources */,
				F679FD261EA6FEA200038E03 /* SetStockViewController.swift in Sources */,
			);
			runOnlyForDeploymentPostprocessing = 0;
		};
		F65F47E41E88604E009FD241 /* Sources */ = {
			isa = PBXSourcesBuildPhase;
			buildActionMask = 2147483647;
			files = (
				F65F48181E88B325009FD241 /* AppDelegate.swift in Sources */,
				F65F48101E88B318009FD241 /* BarcodeReaderViewController.swift in Sources */,
				F65F47ED1E88604E009FD241 /* BarcodeScannerTests.swift in Sources */,
				F65F48121E88B31B009FD241 /* Item.swift in Sources */,
				F65F48161E88B322009FD241 /* DataService.swift in Sources */,
			);
			runOnlyForDeploymentPostprocessing = 0;
		};
		F65F47EF1E88604E009FD241 /* Sources */ = {
			isa = PBXSourcesBuildPhase;
			buildActionMask = 2147483647;
			files = (
				F65F48191E88B326009FD241 /* AppDelegate.swift in Sources */,
				F65F48111E88B318009FD241 /* BarcodeReaderViewController.swift in Sources */,
				F65F47F81E88604E009FD241 /* BarcodeScannerUITests.swift in Sources */,
				F65F48131E88B31B009FD241 /* Item.swift in Sources */,
				F65F48171E88B323009FD241 /* DataService.swift in Sources */,
			);
			runOnlyForDeploymentPostprocessing = 0;
		};
/* End PBXSourcesBuildPhase section */

/* Begin PBXTargetDependency section */
		F65F47EA1E88604E009FD241 /* PBXTargetDependency */ = {
			isa = PBXTargetDependency;
			target = F65F47D31E88604E009FD241 /* BarcodeScanner */;
			targetProxy = F65F47E91E88604E009FD241 /* PBXContainerItemProxy */;
		};
		F65F47F51E88604E009FD241 /* PBXTargetDependency */ = {
			isa = PBXTargetDependency;
			target = F65F47D31E88604E009FD241 /* BarcodeScanner */;
			targetProxy = F65F47F41E88604E009FD241 /* PBXContainerItemProxy */;
		};
/* End PBXTargetDependency section */

/* Begin PBXVariantGroup section */
		F6415CE41E89F9970051BD13 /* Main.storyboard */ = {
			isa = PBXVariantGroup;
			children = (
				F6415CE51E89F9970051BD13 /* Base */,
			);
			name = Main.storyboard;
			sourceTree = "<group>";
		};
		F65F47E01E88604E009FD241 /* LaunchScreen.storyboard */ = {
			isa = PBXVariantGroup;
			children = (
				F65F47E11E88604E009FD241 /* Base */,
			);
			name = LaunchScreen.storyboard;
			sourceTree = "<group>";
		};
/* End PBXVariantGroup section */

/* Begin XCBuildConfiguration section */
		F65F47FA1E88604E009FD241 /* Debug */ = {
			isa = XCBuildConfiguration;
			buildSettings = {
				ALWAYS_SEARCH_USER_PATHS = NO;
				CLANG_ANALYZER_NONNULL = YES;
				CLANG_CXX_LANGUAGE_STANDARD = "gnu++0x";
				CLANG_CXX_LIBRARY = "libc++";
				CLANG_ENABLE_MODULES = YES;
				CLANG_ENABLE_OBJC_ARC = YES;
				CLANG_WARN_BOOL_CONVERSION = YES;
				CLANG_WARN_CONSTANT_CONVERSION = YES;
				CLANG_WARN_DIRECT_OBJC_ISA_USAGE = YES_ERROR;
				CLANG_WARN_DOCUMENTATION_COMMENTS = YES;
				CLANG_WARN_EMPTY_BODY = YES;
				CLANG_WARN_ENUM_CONVERSION = YES;
				CLANG_WARN_INFINITE_RECURSION = YES;
				CLANG_WARN_INT_CONVERSION = YES;
				CLANG_WARN_OBJC_ROOT_CLASS = YES_ERROR;
				CLANG_WARN_SUSPICIOUS_MOVE = YES;
				CLANG_WARN_UNREACHABLE_CODE = YES;
				CLANG_WARN__DUPLICATE_METHOD_MATCH = YES;
				"CODE_SIGN_IDENTITY[sdk=iphoneos*]" = "iPhone Developer";
				COPY_PHASE_STRIP = NO;
				DEBUG_INFORMATION_FORMAT = dwarf;
				ENABLE_STRICT_OBJC_MSGSEND = YES;
				ENABLE_TESTABILITY = YES;
				GCC_C_LANGUAGE_STANDARD = gnu99;
				GCC_DYNAMIC_NO_PIC = NO;
				GCC_NO_COMMON_BLOCKS = YES;
				GCC_OPTIMIZATION_LEVEL = 0;
				GCC_PREPROCESSOR_DEFINITIONS = (
					"DEBUG=1",
					"$(inherited)",
				);
				GCC_WARN_64_TO_32_BIT_CONVERSION = YES;
				GCC_WARN_ABOUT_RETURN_TYPE = YES_ERROR;
				GCC_WARN_UNDECLARED_SELECTOR = YES;
				GCC_WARN_UNINITIALIZED_AUTOS = YES_AGGRESSIVE;
				GCC_WARN_UNUSED_FUNCTION = YES;
				GCC_WARN_UNUSED_VARIABLE = YES;
				IPHONEOS_DEPLOYMENT_TARGET = 10.2;
				MTL_ENABLE_DEBUG_INFO = YES;
				ONLY_ACTIVE_ARCH = YES;
				SDKROOT = iphoneos;
				SWIFT_ACTIVE_COMPILATION_CONDITIONS = DEBUG;
				SWIFT_OPTIMIZATION_LEVEL = "-Onone";
				TARGETED_DEVICE_FAMILY = "1,2";
			};
			name = Debug;
		};
		F65F47FB1E88604E009FD241 /* Release */ = {
			isa = XCBuildConfiguration;
			buildSettings = {
				ALWAYS_SEARCH_USER_PATHS = NO;
				CLANG_ANALYZER_NONNULL = YES;
				CLANG_CXX_LANGUAGE_STANDARD = "gnu++0x";
				CLANG_CXX_LIBRARY = "libc++";
				CLANG_ENABLE_MODULES = YES;
				CLANG_ENABLE_OBJC_ARC = YES;
				CLANG_WARN_BOOL_CONVERSION = YES;
				CLANG_WARN_CONSTANT_CONVERSION = YES;
				CLANG_WARN_DIRECT_OBJC_ISA_USAGE = YES_ERROR;
				CLANG_WARN_DOCUMENTATION_COMMENTS = YES;
				CLANG_WARN_EMPTY_BODY = YES;
				CLANG_WARN_ENUM_CONVERSION = YES;
				CLANG_WARN_INFINITE_RECURSION = YES;
				CLANG_WARN_INT_CONVERSION = YES;
				CLANG_WARN_OBJC_ROOT_CLASS = YES_ERROR;
				CLANG_WARN_SUSPICIOUS_MOVE = YES;
				CLANG_WARN_UNREACHABLE_CODE = YES;
				CLANG_WARN__DUPLICATE_METHOD_MATCH = YES;
				"CODE_SIGN_IDENTITY[sdk=iphoneos*]" = "iPhone Developer";
				COPY_PHASE_STRIP = NO;
				DEBUG_INFORMATION_FORMAT = "dwarf-with-dsym";
				ENABLE_NS_ASSERTIONS = NO;
				ENABLE_STRICT_OBJC_MSGSEND = YES;
				GCC_C_LANGUAGE_STANDARD = gnu99;
				GCC_NO_COMMON_BLOCKS = YES;
				GCC_WARN_64_TO_32_BIT_CONVERSION = YES;
				GCC_WARN_ABOUT_RETURN_TYPE = YES_ERROR;
				GCC_WARN_UNDECLARED_SELECTOR = YES;
				GCC_WARN_UNINITIALIZED_AUTOS = YES_AGGRESSIVE;
				GCC_WARN_UNUSED_FUNCTION = YES;
				GCC_WARN_UNUSED_VARIABLE = YES;
				IPHONEOS_DEPLOYMENT_TARGET = 10.2;
				MTL_ENABLE_DEBUG_INFO = NO;
				SDKROOT = iphoneos;
				SWIFT_OPTIMIZATION_LEVEL = "-Owholemodule";
				TARGETED_DEVICE_FAMILY = "1,2";
				VALIDATE_PRODUCT = YES;
			};
			name = Release;
		};
		F65F47FD1E88604E009FD241 /* Debug */ = {
			isa = XCBuildConfiguration;
			buildSettings = {
				ASSETCATALOG_COMPILER_APPICON_NAME = AppIcon;
				DEVELOPMENT_TEAM = 98X87E99T5;
				INFOPLIST_FILE = BarcodeScanner/Info.plist;
				IPHONEOS_DEPLOYMENT_TARGET = 9.2;
				LD_RUNPATH_SEARCH_PATHS = "$(inherited) @executable_path/Frameworks";
				PRODUCT_BUNDLE_IDENTIFIER = com.example.BarcodeScanner;
				PRODUCT_NAME = GroceryGuru;
				SWIFT_VERSION = 3.0;
			};
			name = Debug;
		};
		F65F47FE1E88604E009FD241 /* Release */ = {
			isa = XCBuildConfiguration;
			buildSettings = {
				ASSETCATALOG_COMPILER_APPICON_NAME = AppIcon;
				DEVELOPMENT_TEAM = 98X87E99T5;
				INFOPLIST_FILE = BarcodeScanner/Info.plist;
				IPHONEOS_DEPLOYMENT_TARGET = 9.2;
				LD_RUNPATH_SEARCH_PATHS = "$(inherited) @executable_path/Frameworks";
				PRODUCT_BUNDLE_IDENTIFIER = com.example.BarcodeScanner;
				PRODUCT_NAME = GroceryGuru;
				SWIFT_VERSION = 3.0;
			};
			name = Release;
		};
		F65F48001E88604E009FD241 /* Debug */ = {
			isa = XCBuildConfiguration;
			buildSettings = {
				ALWAYS_EMBED_SWIFT_STANDARD_LIBRARIES = YES;
				BUNDLE_LOADER = "$(TEST_HOST)";
				DEVELOPMENT_TEAM = 98X87E99T5;
				INFOPLIST_FILE = BarcodeScannerTests/Info.plist;
				LD_RUNPATH_SEARCH_PATHS = "$(inherited) @executable_path/Frameworks @loader_path/Frameworks";
				PRODUCT_BUNDLE_IDENTIFIER = com.example.BarcodeScannerTests;
				PRODUCT_NAME = "$(TARGET_NAME)";
				SWIFT_VERSION = 3.0;
				TEST_HOST = "$(BUILT_PRODUCTS_DIR)/BarcodeScanner.app/BarcodeScanner";
			};
			name = Debug;
		};
		F65F48011E88604E009FD241 /* Release */ = {
			isa = XCBuildConfiguration;
			buildSettings = {
				ALWAYS_EMBED_SWIFT_STANDARD_LIBRARIES = YES;
				BUNDLE_LOADER = "$(TEST_HOST)";
				DEVELOPMENT_TEAM = 98X87E99T5;
				INFOPLIST_FILE = BarcodeScannerTests/Info.plist;
				LD_RUNPATH_SEARCH_PATHS = "$(inherited) @executable_path/Frameworks @loader_path/Frameworks";
				PRODUCT_BUNDLE_IDENTIFIER = com.example.BarcodeScannerTests;
				PRODUCT_NAME = "$(TARGET_NAME)";
				SWIFT_VERSION = 3.0;
				TEST_HOST = "$(BUILT_PRODUCTS_DIR)/BarcodeScanner.app/BarcodeScanner";
			};
			name = Release;
		};
		F65F48031E88604E009FD241 /* Debug */ = {
			isa = XCBuildConfiguration;
			buildSettings = {
				ALWAYS_EMBED_SWIFT_STANDARD_LIBRARIES = YES;
				DEVELOPMENT_TEAM = 98X87E99T5;
				INFOPLIST_FILE = BarcodeScannerUITests/Info.plist;
				LD_RUNPATH_SEARCH_PATHS = "$(inherited) @executable_path/Frameworks @loader_path/Frameworks";
				PRODUCT_BUNDLE_IDENTIFIER = com.example.BarcodeScannerUITests;
				PRODUCT_NAME = "$(TARGET_NAME)";
				SWIFT_VERSION = 3.0;
				TEST_TARGET_NAME = BarcodeScanner;
			};
			name = Debug;
		};
		F65F48041E88604E009FD241 /* Release */ = {
			isa = XCBuildConfiguration;
			buildSettings = {
				ALWAYS_EMBED_SWIFT_STANDARD_LIBRARIES = YES;
				DEVELOPMENT_TEAM = 98X87E99T5;
				INFOPLIST_FILE = BarcodeScannerUITests/Info.plist;
				LD_RUNPATH_SEARCH_PATHS = "$(inherited) @executable_path/Frameworks @loader_path/Frameworks";
				PRODUCT_BUNDLE_IDENTIFIER = com.example.BarcodeScannerUITests;
				PRODUCT_NAME = "$(TARGET_NAME)";
				SWIFT_VERSION = 3.0;
				TEST_TARGET_NAME = BarcodeScanner;
			};
			name = Release;
		};
/* End XCBuildConfiguration section */

/* Begin XCConfigurationList section */
		F65F47CF1E88604E009FD241 /* Build configuration list for PBXProject "BarcodeScanner" */ = {
			isa = XCConfigurationList;
			buildConfigurations = (
				F65F47FA1E88604E009FD241 /* Debug */,
				F65F47FB1E88604E009FD241 /* Release */,
			);
			defaultConfigurationIsVisible = 0;
			defaultConfigurationName = Release;
		};
		F65F47FC1E88604E009FD241 /* Build configuration list for PBXNativeTarget "BarcodeScanner" */ = {
			isa = XCConfigurationList;
			buildConfigurations = (
				F65F47FD1E88604E009FD241 /* Debug */,
				F65F47FE1E88604E009FD241 /* Release */,
			);
			defaultConfigurationIsVisible = 0;
			defaultConfigurationName = Release;
		};
		F65F47FF1E88604E009FD241 /* Build configuration list for PBXNativeTarget "BarcodeScannerTests" */ = {
			isa = XCConfigurationList;
			buildConfigurations = (
				F65F48001E88604E009FD241 /* Debug */,
				F65F48011E88604E009FD241 /* Release */,
			);
			defaultConfigurationIsVisible = 0;
			defaultConfigurationName = Release;
		};
		F65F48021E88604E009FD241 /* Build configuration list for PBXNativeTarget "BarcodeScannerUITests" */ = {
			isa = XCConfigurationList;
			buildConfigurations = (
				F65F48031E88604E009FD241 /* Debug */,
				F65F48041E88604E009FD241 /* Release */,
			);
			defaultConfigurationIsVisible = 0;
			defaultConfigurationName = Release;
		};
/* End XCConfigurationList section */
	};
	rootObject = F65F47CC1E88604E009FD241 /* Project object */;
}
